
Microsoft Visual Studio Solution File, Format Version 12.00
# Visual Studio Version 17
VisualStudioVersion = 17.0.31919.166
MinimumVisualStudioVersion = 10.0.40219.1
Project("{8BC9CEB8-8B4A-11D0-8D11-00A0C91BC942}") = "FastGrepReplace", "FastGrepReplace\FastGrepReplace.vcxproj", "{11027AFC-986E-4270-8CBC-6D89CBAF2B79}"
EndProject
Global
	GlobalSection(SolutionConfigurationPlatforms) = preSolution
		Debug|Win32 = Debug|Win32
		Release|Win32 = Release|Win32
	EndGlobalSection
	GlobalSection(ProjectConfigurationPlatforms) = postSolution
		{11027AFC-986E-4270-8CBC-6D89CBAF2B79}.Debug|Win32.ActiveCfg = Debug|Win32
		{11027AFC-986E-4270-8CBC-6D89CBAF2B79}.Debug|Win32.Build.0 = Debug|Win32
		{11027AFC-986E-4270-8CBC-6D89CBAF2B79}.Release|Win32.ActiveCfg = Release|Win32
		{11027AFC-986E-4270-8CBC-6D89CBAF2B79}.Release|Win32.Build.0 = Release|Win32
	EndGlobalSection
	GlobalSection(SolutionProperties) = preSolution
		HideSolutionNode = FALSE
	EndGlobalSection
	GlobalSection(ExtensibilityGlobals) = postSolution
		SolutionGuid = {8185C02D-CDE4-4EDB-89CE-C48A62658FF9}
	EndGlobalSection
EndGlobal
